
Microsoft Visual Studio Solution File, Format Version 12.00
# Visual Studio Version 17
VisualStudioVersion = 17.12.35707.178 d17.12
MinimumVisualStudioVersion = 10.0.40219.1
Project("{FAE04EC0-301F-11D3-BF4B-00C04F79EFBC}") = "FlagExplorerAPI", "FlagExplorerAPI\FlagExplorerAPI.csproj", "{3BB48BC6-8903-4CD2-B94C-23D6E4B0CB9E}"
EndProject
Project("{FAE04EC0-301F-11D3-BF4B-00C04F79EFBC}") = "FlagExplorerApp", "FlagExplorerApp\FlagExplorerApp.csproj", "{D7F5E5E0-989F-412F-AA77-C9925F4061A6}"
EndProject
Global
	GlobalSection(SolutionConfigurationPlatforms) = preSolution
		Debug|Any CPU = Debug|Any CPU
		Release|Any CPU = Release|Any CPU
	EndGlobalSection
	GlobalSection(ProjectConfigurationPlatforms) = postSolution
		{3BB48BC6-8903-4CD2-B94C-23D6E4B0CB9E}.Debug|Any CPU.ActiveCfg = Debug|Any CPU
		{3BB48BC6-8903-4CD2-B94C-23D6E4B0CB9E}.Debug|Any CPU.Build.0 = Debug|Any CPU
		{3BB48BC6-8903-4CD2-B94C-23D6E4B0CB9E}.Release|Any CPU.ActiveCfg = Release|Any CPU
		{3BB48BC6-8903-4CD2-B94C-23D6E4B0CB9E}.Release|Any CPU.Build.0 = Release|Any CPU
		{D7F5E5E0-989F-412F-AA77-C9925F4061A6}.Debug|Any CPU.ActiveCfg = Debug|Any CPU
		{D7F5E5E0-989F-412F-AA77-C9925F4061A6}.Debug|Any CPU.Build.0 = Debug|Any CPU
		{D7F5E5E0-989F-412F-AA77-C9925F4061A6}.Release|Any CPU.ActiveCfg = Release|Any CPU
		{D7F5E5E0-989F-412F-AA77-C9925F4061A6}.Release|Any CPU.Build.0 = Release|Any CPU
	EndGlobalSection
	GlobalSection(SolutionProperties) = preSolution
		HideSolutionNode = FALSE
	EndGlobalSection
EndGlobal
